
Microsoft Visual Studio Solution File, Format Version 12.00
# Visual Studio Version 17
VisualStudioVersion = 17.4.33213.308
MinimumVisualStudioVersion = 10.0.40219.1
Project("{9A19103F-16F7-4668-BE54-9A1E7A4F7556}") = "WordleConsole", "WordleConsole\WordleConsole.csproj", "{FA51F42E-3CE2-45AE-82B0-C747C3989E4B}"
EndProject
Project("{FAE04EC0-301F-11D3-BF4B-00C04F79EFBC}") = "WordleForms", "WordleForms\WordleForms.csproj", "{BB51AFBE-1C77-45FA-9F64-396F260C965C}"
EndProject
Global
	GlobalSection(SolutionConfigurationPlatforms) = preSolution
		Debug|Any CPU = Debug|Any CPU
		Release|Any CPU = Release|Any CPU
	EndGlobalSection
	GlobalSection(ProjectConfigurationPlatforms) = postSolution
		{FA51F42E-3CE2-45AE-82B0-C747C3989E4B}.Debug|Any CPU.ActiveCfg = Debug|Any CPU
		{FA51F42E-3CE2-45AE-82B0-C747C3989E4B}.Debug|Any CPU.Build.0 = Debug|Any CPU
		{FA51F42E-3CE2-45AE-82B0-C747C3989E4B}.Release|Any CPU.ActiveCfg = Release|Any CPU
		{FA51F42E-3CE2-45AE-82B0-C747C3989E4B}.Release|Any CPU.Build.0 = Release|Any CPU
		{BB51AFBE-1C77-45FA-9F64-396F260C965C}.Debug|Any CPU.ActiveCfg = Debug|Any CPU
		{BB51AFBE-1C77-45FA-9F64-396F260C965C}.Debug|Any CPU.Build.0 = Debug|Any CPU
		{BB51AFBE-1C77-45FA-9F64-396F260C965C}.Release|Any CPU.ActiveCfg = Release|Any CPU
		{BB51AFBE-1C77-45FA-9F64-396F260C965C}.Release|Any CPU.Build.0 = Release|Any CPU
	EndGlobalSection
	GlobalSection(SolutionProperties) = preSolution
		HideSolutionNode = FALSE
	EndGlobalSection
	GlobalSection(ExtensibilityGlobals) = postSolution
		SolutionGuid = {341706E5-B592-412E-94E0-B2284A4175FD}
	EndGlobalSection
EndGlobal
